
Microsoft Visual Studio Solution File, Format Version 12.00
# Visual Studio Version 17
VisualStudioVersion = 17.7.34009.444
MinimumVisualStudioVersion = 10.0.40219.1
Project("{9A19103F-16F7-4668-BE54-9A1E7A4F7556}") = "Exercicio_01", "Exercicio_01\Exercicio_01.csproj", "{9B46703F-D240-443E-BCB7-907D4882C4A6}"
EndProject
Project("{FAE04EC0-301F-11D3-BF4B-00C04F79EFBC}") = "Exercicio_02", "Exercicio_02\Exercicio_02.csproj", "{71044440-53FC-4990-A3DF-DE03837E3CD2}"
EndProject
Project("{FAE04EC0-301F-11D3-BF4B-00C04F79EFBC}") = "Exercicio_04", "Exercicio_04\Exercicio_04.csproj", "{0D059897-3A3F-4D92-A404-9678F7E3E128}"
EndProject
Project("{FAE04EC0-301F-11D3-BF4B-00C04F79EFBC}") = "Exercicio_06", "Exercicio_06\Exercicio_06.csproj", "{22C0FE5D-46CB-4F55-ABD2-4946D99B5D1F}"
EndProject
Global
	GlobalSection(SolutionConfigurationPlatforms) = preSolution
		Debug|Any CPU = Debug|Any CPU
		Release|Any CPU = Release|Any CPU
	EndGlobalSection
	GlobalSection(ProjectConfigurationPlatforms) = postSolution
		{9B46703F-D240-443E-BCB7-907D4882C4A6}.Debug|Any CPU.ActiveCfg = Debug|Any CPU
		{9B46703F-D240-443E-BCB7-907D4882C4A6}.Debug|Any CPU.Build.0 = Debug|Any CPU
		{9B46703F-D240-443E-BCB7-907D4882C4A6}.Release|Any CPU.ActiveCfg = Release|Any CPU
		{9B46703F-D240-443E-BCB7-907D4882C4A6}.Release|Any CPU.Build.0 = Release|Any CPU
		{71044440-53FC-4990-A3DF-DE03837E3CD2}.Debug|Any CPU.ActiveCfg = Debug|Any CPU
		{71044440-53FC-4990-A3DF-DE03837E3CD2}.Debug|Any CPU.Build.0 = Debug|Any CPU
		{71044440-53FC-4990-A3DF-DE03837E3CD2}.Release|Any CPU.ActiveCfg = Release|Any CPU
		{71044440-53FC-4990-A3DF-DE03837E3CD2}.Release|Any CPU.Build.0 = Release|Any CPU
		{0D059897-3A3F-4D92-A404-9678F7E3E128}.Debug|Any CPU.ActiveCfg = Debug|Any CPU
		{0D059897-3A3F-4D92-A404-9678F7E3E128}.Debug|Any CPU.Build.0 = Debug|Any CPU
		{0D059897-3A3F-4D92-A404-9678F7E3E128}.Release|Any CPU.ActiveCfg = Release|Any CPU
		{0D059897-3A3F-4D92-A404-9678F7E3E128}.Release|Any CPU.Build.0 = Release|Any CPU
		{22C0FE5D-46CB-4F55-ABD2-4946D99B5D1F}.Debug|Any CPU.ActiveCfg = Debug|Any CPU
		{22C0FE5D-46CB-4F55-ABD2-4946D99B5D1F}.Debug|Any CPU.Build.0 = Debug|Any CPU
		{22C0FE5D-46CB-4F55-ABD2-4946D99B5D1F}.Release|Any CPU.ActiveCfg = Release|Any CPU
		{22C0FE5D-46CB-4F55-ABD2-4946D99B5D1F}.Release|Any CPU.Build.0 = Release|Any CPU
	EndGlobalSection
	GlobalSection(SolutionProperties) = preSolution
		HideSolutionNode = FALSE
	EndGlobalSection
	GlobalSection(ExtensibilityGlobals) = postSolution
		SolutionGuid = {9C39E522-35E5-4D39-9EBF-71940D928B13}
	EndGlobalSection
EndGlobal
