
Microsoft Visual Studio Solution File, Format Version 12.00
# Visual Studio Version 17
VisualStudioVersion = 17.6.33829.357
MinimumVisualStudioVersion = 10.0.40219.1
Project("{FAE04EC0-301F-11D3-BF4B-00C04F79EFBC}") = "Exercicio_04", "Exercicio_04\Exercicio_04.csproj", "{FD878663-E635-498C-B5D8-D4791491B6D6}"
EndProject
Global
	GlobalSection(SolutionConfigurationPlatforms) = preSolution
		Debug|Any CPU = Debug|Any CPU
		Release|Any CPU = Release|Any CPU
	EndGlobalSection
	GlobalSection(ProjectConfigurationPlatforms) = postSolution
		{FD878663-E635-498C-B5D8-D4791491B6D6}.Debug|Any CPU.ActiveCfg = Debug|Any CPU
		{FD878663-E635-498C-B5D8-D4791491B6D6}.Debug|Any CPU.Build.0 = Debug|Any CPU
		{FD878663-E635-498C-B5D8-D4791491B6D6}.Release|Any CPU.ActiveCfg = Release|Any CPU
		{FD878663-E635-498C-B5D8-D4791491B6D6}.Release|Any CPU.Build.0 = Release|Any CPU
	EndGlobalSection
	GlobalSection(SolutionProperties) = preSolution
		HideSolutionNode = FALSE
	EndGlobalSection
	GlobalSection(ExtensibilityGlobals) = postSolution
		SolutionGuid = {733A1108-602F-49DC-B269-CE8D297F7D34}
	EndGlobalSection
EndGlobal
