
Microsoft Visual Studio Solution File, Format Version 12.00
# Visual Studio Version 17
VisualStudioVersion = 17.7.34009.444
MinimumVisualStudioVersion = 10.0.40219.1
Project("{9A19103F-16F7-4668-BE54-9A1E7A4F7556}") = "Exercicio_Aula", "Exercicio_Aula\Exercicio_Aula.csproj", "{CFA7BEC0-20E6-4876-85C0-81285459AA42}"
EndProject
Project("{9A19103F-16F7-4668-BE54-9A1E7A4F7556}") = "Exercicio01_LMS", "Exercicio01_LMS\Exercicio01_LMS.csproj", "{F410B49A-8E75-469F-AC8E-6FE62B0E643C}"
EndProject
Project("{FAE04EC0-301F-11D3-BF4B-00C04F79EFBC}") = "Exercicio06_LMS", "Exercicio06_LMS\Exercicio06_LMS.csproj", "{8202180D-997C-4522-A84B-8BFB978660D4}"
EndProject
Project("{FAE04EC0-301F-11D3-BF4B-00C04F79EFBC}") = "Exercicio03_LMS", "Exercicio03_LMS\Exercicio03_LMS.csproj", "{80F006D6-8496-4F97-B6D4-7B491CC996C7}"
EndProject
Project("{FAE04EC0-301F-11D3-BF4B-00C04F79EFBC}") = "Exercicio05_LMS", "Exercicio05_LMS\Exercicio05_LMS.csproj", "{5A3F45AC-7FAC-4D0C-BF01-263E3FBF53FD}"
EndProject
Global
	GlobalSection(SolutionConfigurationPlatforms) = preSolution
		Debug|Any CPU = Debug|Any CPU
		Release|Any CPU = Release|Any CPU
	EndGlobalSection
	GlobalSection(ProjectConfigurationPlatforms) = postSolution
		{CFA7BEC0-20E6-4876-85C0-81285459AA42}.Debug|Any CPU.ActiveCfg = Debug|Any CPU
		{CFA7BEC0-20E6-4876-85C0-81285459AA42}.Debug|Any CPU.Build.0 = Debug|Any CPU
		{CFA7BEC0-20E6-4876-85C0-81285459AA42}.Release|Any CPU.ActiveCfg = Release|Any CPU
		{CFA7BEC0-20E6-4876-85C0-81285459AA42}.Release|Any CPU.Build.0 = Release|Any CPU
		{F410B49A-8E75-469F-AC8E-6FE62B0E643C}.Debug|Any CPU.ActiveCfg = Debug|Any CPU
		{F410B49A-8E75-469F-AC8E-6FE62B0E643C}.Debug|Any CPU.Build.0 = Debug|Any CPU
		{F410B49A-8E75-469F-AC8E-6FE62B0E643C}.Release|Any CPU.ActiveCfg = Release|Any CPU
		{F410B49A-8E75-469F-AC8E-6FE62B0E643C}.Release|Any CPU.Build.0 = Release|Any CPU
		{8202180D-997C-4522-A84B-8BFB978660D4}.Debug|Any CPU.ActiveCfg = Debug|Any CPU
		{8202180D-997C-4522-A84B-8BFB978660D4}.Debug|Any CPU.Build.0 = Debug|Any CPU
		{8202180D-997C-4522-A84B-8BFB978660D4}.Release|Any CPU.ActiveCfg = Release|Any CPU
		{8202180D-997C-4522-A84B-8BFB978660D4}.Release|Any CPU.Build.0 = Release|Any CPU
		{80F006D6-8496-4F97-B6D4-7B491CC996C7}.Debug|Any CPU.ActiveCfg = Debug|Any CPU
		{80F006D6-8496-4F97-B6D4-7B491CC996C7}.Debug|Any CPU.Build.0 = Debug|Any CPU
		{80F006D6-8496-4F97-B6D4-7B491CC996C7}.Release|Any CPU.ActiveCfg = Release|Any CPU
		{80F006D6-8496-4F97-B6D4-7B491CC996C7}.Release|Any CPU.Build.0 = Release|Any CPU
		{5A3F45AC-7FAC-4D0C-BF01-263E3FBF53FD}.Debug|Any CPU.ActiveCfg = Debug|Any CPU
		{5A3F45AC-7FAC-4D0C-BF01-263E3FBF53FD}.Debug|Any CPU.Build.0 = Debug|Any CPU
		{5A3F45AC-7FAC-4D0C-BF01-263E3FBF53FD}.Release|Any CPU.ActiveCfg = Release|Any CPU
		{5A3F45AC-7FAC-4D0C-BF01-263E3FBF53FD}.Release|Any CPU.Build.0 = Release|Any CPU
	EndGlobalSection
	GlobalSection(SolutionProperties) = preSolution
		HideSolutionNode = FALSE
	EndGlobalSection
	GlobalSection(ExtensibilityGlobals) = postSolution
		SolutionGuid = {2ECAC77C-DE5C-4698-BD39-64C43B9EAA73}
	EndGlobalSection
EndGlobal
