
Microsoft Visual Studio Solution File, Format Version 12.00
# Visual Studio Version 17
VisualStudioVersion = 17.7.34009.444
MinimumVisualStudioVersion = 10.0.40219.1
Project("{FAE04EC0-301F-11D3-BF4B-00C04F79EFBC}") = "Exercicio_Aula", "Exercicio_Aula\Exercicio_Aula.csproj", "{CFA7BEC0-20E6-4876-85C0-81285459AA42}"
EndProject
Global
	GlobalSection(SolutionConfigurationPlatforms) = preSolution
		Debug|Any CPU = Debug|Any CPU
		Release|Any CPU = Release|Any CPU
	EndGlobalSection
	GlobalSection(ProjectConfigurationPlatforms) = postSolution
		{CFA7BEC0-20E6-4876-85C0-81285459AA42}.Debug|Any CPU.ActiveCfg = Debug|Any CPU
		{CFA7BEC0-20E6-4876-85C0-81285459AA42}.Debug|Any CPU.Build.0 = Debug|Any CPU
		{CFA7BEC0-20E6-4876-85C0-81285459AA42}.Release|Any CPU.ActiveCfg = Release|Any CPU
		{CFA7BEC0-20E6-4876-85C0-81285459AA42}.Release|Any CPU.Build.0 = Release|Any CPU
	EndGlobalSection
	GlobalSection(SolutionProperties) = preSolution
		HideSolutionNode = FALSE
	EndGlobalSection
	GlobalSection(ExtensibilityGlobals) = postSolution
		SolutionGuid = {2ECAC77C-DE5C-4698-BD39-64C43B9EAA73}
	EndGlobalSection
EndGlobal
