
Microsoft Visual Studio Solution File, Format Version 12.00
# Visual Studio Version 17
VisualStudioVersion = 17.7.34009.444
MinimumVisualStudioVersion = 10.0.40219.1
Project("{9A19103F-16F7-4668-BE54-9A1E7A4F7556}") = "Exercicio_Aula", "Exercicio_Aula\Exercicio_Aula.csproj", "{E8563E16-8C90-40CE-80C2-679C1FE5A045}"
EndProject
Project("{FAE04EC0-301F-11D3-BF4B-00C04F79EFBC}") = "Exercicio_Biblioteca", "Exercicio_Biblioteca\Exercicio_Biblioteca.csproj", "{4DB6F10F-C951-4006-95E4-73949EB2E396}"
EndProject
Global
	GlobalSection(SolutionConfigurationPlatforms) = preSolution
		Debug|Any CPU = Debug|Any CPU
		Release|Any CPU = Release|Any CPU
	EndGlobalSection
	GlobalSection(ProjectConfigurationPlatforms) = postSolution
		{E8563E16-8C90-40CE-80C2-679C1FE5A045}.Debug|Any CPU.ActiveCfg = Debug|Any CPU
		{E8563E16-8C90-40CE-80C2-679C1FE5A045}.Debug|Any CPU.Build.0 = Debug|Any CPU
		{E8563E16-8C90-40CE-80C2-679C1FE5A045}.Release|Any CPU.ActiveCfg = Release|Any CPU
		{E8563E16-8C90-40CE-80C2-679C1FE5A045}.Release|Any CPU.Build.0 = Release|Any CPU
		{4DB6F10F-C951-4006-95E4-73949EB2E396}.Debug|Any CPU.ActiveCfg = Debug|Any CPU
		{4DB6F10F-C951-4006-95E4-73949EB2E396}.Debug|Any CPU.Build.0 = Debug|Any CPU
		{4DB6F10F-C951-4006-95E4-73949EB2E396}.Release|Any CPU.ActiveCfg = Release|Any CPU
		{4DB6F10F-C951-4006-95E4-73949EB2E396}.Release|Any CPU.Build.0 = Release|Any CPU
	EndGlobalSection
	GlobalSection(SolutionProperties) = preSolution
		HideSolutionNode = FALSE
	EndGlobalSection
	GlobalSection(ExtensibilityGlobals) = postSolution
		SolutionGuid = {1446AC4F-6C8A-4309-BDA3-369E386582E8}
	EndGlobalSection
EndGlobal
