
Microsoft Visual Studio Solution File, Format Version 12.00
# Visual Studio Version 17
VisualStudioVersion = 17.7.34009.444
MinimumVisualStudioVersion = 10.0.40219.1
Project("{9A19103F-16F7-4668-BE54-9A1E7A4F7556}") = "Exercicio_01_Interfaces", "Exercicio_01\Exercicio_01_Interfaces.csproj", "{E9CC400F-31C0-4E27-9BDE-B7361AE3E7D5}"
EndProject
Project("{9A19103F-16F7-4668-BE54-9A1E7A4F7556}") = "Exercicio01_LMS", "Exercicio01_LMS\Exercicio01_LMS.csproj", "{46CF8653-9353-4FD7-93D5-CD71FB907AC1}"
EndProject
Project("{9A19103F-16F7-4668-BE54-9A1E7A4F7556}") = "Exercicio02_LMS", "Exercicio02_LMS\Exercicio02_LMS.csproj", "{DD8C2147-0BFB-40A7-80FC-82B184C07E95}"
EndProject
Project("{9A19103F-16F7-4668-BE54-9A1E7A4F7556}") = "Exercicio05_LMS", "Exercicio05_LMS\Exercicio05_LMS.csproj", "{6A1660D3-4721-4E13-9BE0-F7011A99120E}"
EndProject
Global
	GlobalSection(SolutionConfigurationPlatforms) = preSolution
		Debug|Any CPU = Debug|Any CPU
		Release|Any CPU = Release|Any CPU
	EndGlobalSection
	GlobalSection(ProjectConfigurationPlatforms) = postSolution
		{E9CC400F-31C0-4E27-9BDE-B7361AE3E7D5}.Debug|Any CPU.ActiveCfg = Debug|Any CPU
		{E9CC400F-31C0-4E27-9BDE-B7361AE3E7D5}.Debug|Any CPU.Build.0 = Debug|Any CPU
		{E9CC400F-31C0-4E27-9BDE-B7361AE3E7D5}.Release|Any CPU.ActiveCfg = Release|Any CPU
		{E9CC400F-31C0-4E27-9BDE-B7361AE3E7D5}.Release|Any CPU.Build.0 = Release|Any CPU
		{46CF8653-9353-4FD7-93D5-CD71FB907AC1}.Debug|Any CPU.ActiveCfg = Debug|Any CPU
		{46CF8653-9353-4FD7-93D5-CD71FB907AC1}.Debug|Any CPU.Build.0 = Debug|Any CPU
		{46CF8653-9353-4FD7-93D5-CD71FB907AC1}.Release|Any CPU.ActiveCfg = Release|Any CPU
		{46CF8653-9353-4FD7-93D5-CD71FB907AC1}.Release|Any CPU.Build.0 = Release|Any CPU
		{DD8C2147-0BFB-40A7-80FC-82B184C07E95}.Debug|Any CPU.ActiveCfg = Debug|Any CPU
		{DD8C2147-0BFB-40A7-80FC-82B184C07E95}.Debug|Any CPU.Build.0 = Debug|Any CPU
		{DD8C2147-0BFB-40A7-80FC-82B184C07E95}.Release|Any CPU.ActiveCfg = Release|Any CPU
		{DD8C2147-0BFB-40A7-80FC-82B184C07E95}.Release|Any CPU.Build.0 = Release|Any CPU
		{6A1660D3-4721-4E13-9BE0-F7011A99120E}.Debug|Any CPU.ActiveCfg = Debug|Any CPU
		{6A1660D3-4721-4E13-9BE0-F7011A99120E}.Debug|Any CPU.Build.0 = Debug|Any CPU
		{6A1660D3-4721-4E13-9BE0-F7011A99120E}.Release|Any CPU.ActiveCfg = Release|Any CPU
		{6A1660D3-4721-4E13-9BE0-F7011A99120E}.Release|Any CPU.Build.0 = Release|Any CPU
	EndGlobalSection
	GlobalSection(SolutionProperties) = preSolution
		HideSolutionNode = FALSE
	EndGlobalSection
	GlobalSection(ExtensibilityGlobals) = postSolution
		SolutionGuid = {58E2DAA0-935D-46B2-BD99-356EE6BD24F0}
	EndGlobalSection
EndGlobal
