
Microsoft Visual Studio Solution File, Format Version 12.00
# Visual Studio Version 17
VisualStudioVersion = 17.6.33829.357
MinimumVisualStudioVersion = 10.0.40219.1
Project("{FAE04EC0-301F-11D3-BF4B-00C04F79EFBC}") = "Biblioteca", "Biblioteca\Biblioteca.csproj", "{05719625-03BC-42E0-9D0B-5C1FEA682F2A}"
EndProject
Global
	GlobalSection(SolutionConfigurationPlatforms) = preSolution
		Debug|Any CPU = Debug|Any CPU
		Release|Any CPU = Release|Any CPU
	EndGlobalSection
	GlobalSection(ProjectConfigurationPlatforms) = postSolution
		{05719625-03BC-42E0-9D0B-5C1FEA682F2A}.Debug|Any CPU.ActiveCfg = Debug|Any CPU
		{05719625-03BC-42E0-9D0B-5C1FEA682F2A}.Debug|Any CPU.Build.0 = Debug|Any CPU
		{05719625-03BC-42E0-9D0B-5C1FEA682F2A}.Release|Any CPU.ActiveCfg = Release|Any CPU
		{05719625-03BC-42E0-9D0B-5C1FEA682F2A}.Release|Any CPU.Build.0 = Release|Any CPU
	EndGlobalSection
	GlobalSection(SolutionProperties) = preSolution
		HideSolutionNode = FALSE
	EndGlobalSection
	GlobalSection(ExtensibilityGlobals) = postSolution
		SolutionGuid = {4BC7E394-633E-4A23-B052-B102264B1271}
	EndGlobalSection
EndGlobal
